
Microsoft Visual Studio Solution File, Format Version 11.00
# Visual Studio 2010
Project("{FAE04EC0-301F-11D3-BF4B-00C04F79EFBC}") = "Assembly-CSharp", "Assembly-CSharp.csproj", "{C19F3E2A-218E-4EE1-ABED-3A20B92AF79A}"
EndProject
Project("{FAE04EC0-301F-11D3-BF4B-00C04F79EFBC}") = "InControl", "InControl.csproj", "{9957DD3D-DF70-F00A-4888-1C6BB7F0A748}"
EndProject
Project("{FAE04EC0-301F-11D3-BF4B-00C04F79EFBC}") = "NavMeshComponents", "NavMeshComponents.csproj", "{F93D0358-14B1-0372-3F40-3022AE785AC8}"
EndProject
Project("{FAE04EC0-301F-11D3-BF4B-00C04F79EFBC}") = "InControl.Examples", "InControl.Examples.csproj", "{D7F59FBA-BDBD-D684-1B93-23C96ABFFD81}"
EndProject
Project("{FAE04EC0-301F-11D3-BF4B-00C04F79EFBC}") = "InControl.Editor", "InControl.Editor.csproj", "{8F025F5E-5F64-FA38-09CC-009A4442B5F7}"
EndProject
Global
	GlobalSection(SolutionConfigurationPlatforms) = preSolution
		Debug|Any CPU = Debug|Any CPU
		Release|Any CPU = Release|Any CPU
	EndGlobalSection
	GlobalSection(ProjectConfigurationPlatforms) = postSolution
		{C19F3E2A-218E-4EE1-ABED-3A20B92AF79A}.Debug|Any CPU.ActiveCfg = Debug|Any CPU
		{C19F3E2A-218E-4EE1-ABED-3A20B92AF79A}.Debug|Any CPU.Build.0 = Debug|Any CPU
		{C19F3E2A-218E-4EE1-ABED-3A20B92AF79A}.Release|Any CPU.ActiveCfg = Release|Any CPU
		{C19F3E2A-218E-4EE1-ABED-3A20B92AF79A}.Release|Any CPU.Build.0 = Release|Any CPU
		{9957DD3D-DF70-F00A-4888-1C6BB7F0A748}.Debug|Any CPU.ActiveCfg = Debug|Any CPU
		{9957DD3D-DF70-F00A-4888-1C6BB7F0A748}.Debug|Any CPU.Build.0 = Debug|Any CPU
		{9957DD3D-DF70-F00A-4888-1C6BB7F0A748}.Release|Any CPU.ActiveCfg = Release|Any CPU
		{9957DD3D-DF70-F00A-4888-1C6BB7F0A748}.Release|Any CPU.Build.0 = Release|Any CPU
		{F93D0358-14B1-0372-3F40-3022AE785AC8}.Debug|Any CPU.ActiveCfg = Debug|Any CPU
		{F93D0358-14B1-0372-3F40-3022AE785AC8}.Debug|Any CPU.Build.0 = Debug|Any CPU
		{F93D0358-14B1-0372-3F40-3022AE785AC8}.Release|Any CPU.ActiveCfg = Release|Any CPU
		{F93D0358-14B1-0372-3F40-3022AE785AC8}.Release|Any CPU.Build.0 = Release|Any CPU
		{D7F59FBA-BDBD-D684-1B93-23C96ABFFD81}.Debug|Any CPU.ActiveCfg = Debug|Any CPU
		{D7F59FBA-BDBD-D684-1B93-23C96ABFFD81}.Debug|Any CPU.Build.0 = Debug|Any CPU
		{D7F59FBA-BDBD-D684-1B93-23C96ABFFD81}.Release|Any CPU.ActiveCfg = Release|Any CPU
		{D7F59FBA-BDBD-D684-1B93-23C96ABFFD81}.Release|Any CPU.Build.0 = Release|Any CPU
		{8F025F5E-5F64-FA38-09CC-009A4442B5F7}.Debug|Any CPU.ActiveCfg = Debug|Any CPU
		{8F025F5E-5F64-FA38-09CC-009A4442B5F7}.Debug|Any CPU.Build.0 = Debug|Any CPU
		{8F025F5E-5F64-FA38-09CC-009A4442B5F7}.Release|Any CPU.ActiveCfg = Release|Any CPU
		{8F025F5E-5F64-FA38-09CC-009A4442B5F7}.Release|Any CPU.Build.0 = Release|Any CPU
	EndGlobalSection
	GlobalSection(SolutionProperties) = preSolution
		HideSolutionNode = FALSE
	EndGlobalSection
	GlobalSection(MonoDevelopProperties) = preSolution
		StartupItem = Assembly-CSharp.csproj
	EndGlobalSection
EndGlobal
